{
  "requires": true,
  "lockfileVersion": 1,
  "dependencies": {
    "vuetify": {
      "version": "2.2.4",
      "resolved": "https://registry.npmjs.org/vuetify/-/vuetify-2.2.4.tgz",
      "integrity": "sha512-jhSdCeatWgHrY4Bb2FTi1sFfGDrVHLmkvI7pkG9FEF9TmZ+Qq7Ts85XAft9ucwU8ybB5nDmN6s+oeHJgvL+4tA=="
    }
  }
}
